
Microsoft Visual Studio Solution File, Format Version 12.00
# Visual Studio Version 16
VisualStudioVersion = 16.0.30509.190
MinimumVisualStudioVersion = 10.0.40219.1
Project("{FAE04EC0-301F-11D3-BF4B-00C04F79EFBC}") = "ConsoleApp", "ConsoleApp\ConsoleApp.csproj", "{1D419C1C-DBFA-4240-95AD-BB657423E3EF}"
EndProject
Global
	GlobalSection(SolutionConfigurationPlatforms) = preSolution
		Debug|Any CPU = Debug|Any CPU
		Release|Any CPU = Release|Any CPU
	EndGlobalSection
	GlobalSection(ProjectConfigurationPlatforms) = postSolution
		{1D419C1C-DBFA-4240-95AD-BB657423E3EF}.Debug|Any CPU.ActiveCfg = Debug|Any CPU
		{1D419C1C-DBFA-4240-95AD-BB657423E3EF}.Debug|Any CPU.Build.0 = Debug|Any CPU
		{1D419C1C-DBFA-4240-95AD-BB657423E3EF}.Release|Any CPU.ActiveCfg = Release|Any CPU
		{1D419C1C-DBFA-4240-95AD-BB657423E3EF}.Release|Any CPU.Build.0 = Release|Any CPU
	EndGlobalSection
	GlobalSection(SolutionProperties) = preSolution
		HideSolutionNode = FALSE
	EndGlobalSection
	GlobalSection(ExtensibilityGlobals) = postSolution
		SolutionGuid = {3DD89CFA-E0DD-424B-8369-BFB4B7C00B30}
	EndGlobalSection
EndGlobal
